
Microsoft Visual Studio Solution File, Format Version 12.00
# Visual Studio Version 17
VisualStudioVersion = 17.7.34031.279
MinimumVisualStudioVersion = 10.0.40219.1
Project("{FAE04EC0-301F-11D3-BF4B-00C04F79EFBC}") = "NumberToMonth", "NumberToMonth\NumberToMonth.csproj", "{DFCDD61B-89E7-49A0-9EEC-3453584E995D}"
EndProject
Global
	GlobalSection(SolutionConfigurationPlatforms) = preSolution
		Debug|Any CPU = Debug|Any CPU
		Release|Any CPU = Release|Any CPU
	EndGlobalSection
	GlobalSection(ProjectConfigurationPlatforms) = postSolution
		{DFCDD61B-89E7-49A0-9EEC-3453584E995D}.Debug|Any CPU.ActiveCfg = Debug|Any CPU
		{DFCDD61B-89E7-49A0-9EEC-3453584E995D}.Debug|Any CPU.Build.0 = Debug|Any CPU
		{DFCDD61B-89E7-49A0-9EEC-3453584E995D}.Release|Any CPU.ActiveCfg = Release|Any CPU
		{DFCDD61B-89E7-49A0-9EEC-3453584E995D}.Release|Any CPU.Build.0 = Release|Any CPU
	EndGlobalSection
	GlobalSection(SolutionProperties) = preSolution
		HideSolutionNode = FALSE
	EndGlobalSection
	GlobalSection(ExtensibilityGlobals) = postSolution
		SolutionGuid = {54445389-33EF-4CAB-902F-E3AD17E79F56}
	EndGlobalSection
EndGlobal
